
Microsoft Visual Studio Solution File, Format Version 12.00
# Visual Studio Version 17
VisualStudioVersion = 17.4.33122.133
MinimumVisualStudioVersion = 10.0.40219.1
Project("{FAE04EC0-301F-11D3-BF4B-00C04F79EFBC}") = "Control", "Control.csproj", "{24DD85D1-50D8-472F-8DF0-097ABF427313}"
EndProject
Global
	GlobalSection(SolutionConfigurationPlatforms) = preSolution
		Debug|Any CPU = Debug|Any CPU
		Debug|x64 = Debug|x64
		Release|Any CPU = Release|Any CPU
		Release|x64 = Release|x64
	EndGlobalSection
	GlobalSection(ProjectConfigurationPlatforms) = postSolution
		{24DD85D1-50D8-472F-8DF0-097ABF427313}.Debug|Any CPU.ActiveCfg = Debug|Any CPU
		{24DD85D1-50D8-472F-8DF0-097ABF427313}.Debug|Any CPU.Build.0 = Debug|Any CPU
		{24DD85D1-50D8-472F-8DF0-097ABF427313}.Debug|x64.ActiveCfg = Debug|x64
		{24DD85D1-50D8-472F-8DF0-097ABF427313}.Debug|x64.Build.0 = Debug|x64
		{24DD85D1-50D8-472F-8DF0-097ABF427313}.Release|Any CPU.ActiveCfg = Release|Any CPU
		{24DD85D1-50D8-472F-8DF0-097ABF427313}.Release|Any CPU.Build.0 = Release|Any CPU
		{24DD85D1-50D8-472F-8DF0-097ABF427313}.Release|x64.ActiveCfg = Release|x64
		{24DD85D1-50D8-472F-8DF0-097ABF427313}.Release|x64.Build.0 = Release|x64
	EndGlobalSection
	GlobalSection(SolutionProperties) = preSolution
		HideSolutionNode = FALSE
	EndGlobalSection
	GlobalSection(ExtensibilityGlobals) = postSolution
		SolutionGuid = {A53AF5B3-A250-49C4-82A3-97E36DBB9B7A}
	EndGlobalSection
EndGlobal
